
Microsoft Visual Studio Solution File, Format Version 12.00
# Visual Studio Version 17
VisualStudioVersion = 17.0.31903.59
MinimumVisualStudioVersion = 10.0.40219.1
Project("{2150E333-8FDC-42A3-9474-1A3956D46DE8}") = "src", "src", "{827E0CD3-B72D-47B6-A68D-7590B98EB39B}"
EndProject
Project("{FAE04EC0-301F-11D3-BF4B-00C04F79EFBC}") = "FrameForge.Core", "src\FrameForge.Core\FrameForge.Core.csproj", "{6520D6A4-44CA-4C1C-94F3-D4AF3273008B}"
EndProject
Project("{FAE04EC0-301F-11D3-BF4B-00C04F79EFBC}") = "FrameForge.Hardware", "src\FrameForge.Hardware\FrameForge.Hardware.csproj", "{6E81C500-F8C7-470F-82D9-40BCBC46BDBB}"
EndProject
Project("{FAE04EC0-301F-11D3-BF4B-00C04F79EFBC}") = "FrameForge.CS2", "src\FrameForge.CS2\FrameForge.CS2.csproj", "{91C5D18A-BB9A-4284-8589-A403B37AF784}"
EndProject
Project("{FAE04EC0-301F-11D3-BF4B-00C04F79EFBC}") = "FrameForge.Optimization", "src\FrameForge.Optimization\FrameForge.Optimization.csproj", "{B6E8DAC3-3B38-4031-9A42-0B298706C961}"
EndProject
Project("{FAE04EC0-301F-11D3-BF4B-00C04F79EFBC}") = "FrameForge.Benchmark", "src\FrameForge.Benchmark\FrameForge.Benchmark.csproj", "{990F00C3-4660-484D-81FD-766765EA7195}"
EndProject
Project("{FAE04EC0-301F-11D3-BF4B-00C04F79EFBC}") = "FrameForge.Infrastructure", "src\FrameForge.Infrastructure\FrameForge.Infrastructure.csproj", "{AD3E311B-6EFD-4B20-9BF2-E1E3DC829E93}"
EndProject
Project("{FAE04EC0-301F-11D3-BF4B-00C04F79EFBC}") = "FrameForge.App", "src\FrameForge.App\FrameForge.App.csproj", "{4769BD0D-B86F-4E6D-8539-5B19BC66D4E8}"
EndProject
Project("{2150E333-8FDC-42A3-9474-1A3956D46DE8}") = "tests", "tests", "{0AB3BF05-4346-4AA6-1389-037BE0695223}"
EndProject
Project("{FAE04EC0-301F-11D3-BF4B-00C04F79EFBC}") = "FrameForge.Tests", "tests\FrameForge.Tests\FrameForge.Tests.csproj", "{8F04B216-1AD8-48AE-85DF-DCA267CF8540}"
EndProject
Global
	GlobalSection(SolutionConfigurationPlatforms) = preSolution
		Debug|Any CPU = Debug|Any CPU
		Debug|x64 = Debug|x64
		Debug|x86 = Debug|x86
		Release|Any CPU = Release|Any CPU
		Release|x64 = Release|x64
		Release|x86 = Release|x86
	EndGlobalSection
	GlobalSection(ProjectConfigurationPlatforms) = postSolution
		{6520D6A4-44CA-4C1C-94F3-D4AF3273008B}.Debug|Any CPU.ActiveCfg = Debug|Any CPU
		{6520D6A4-44CA-4C1C-94F3-D4AF3273008B}.Debug|Any CPU.Build.0 = Debug|Any CPU
		{6520D6A4-44CA-4C1C-94F3-D4AF3273008B}.Debug|x64.ActiveCfg = Debug|Any CPU
		{6520D6A4-44CA-4C1C-94F3-D4AF3273008B}.Debug|x64.Build.0 = Debug|Any CPU
		{6520D6A4-44CA-4C1C-94F3-D4AF3273008B}.Debug|x86.ActiveCfg = Debug|Any CPU
		{6520D6A4-44CA-4C1C-94F3-D4AF3273008B}.Debug|x86.Build.0 = Debug|Any CPU
		{6520D6A4-44CA-4C1C-94F3-D4AF3273008B}.Release|Any CPU.ActiveCfg = Release|Any CPU
		{6520D6A4-44CA-4C1C-94F3-D4AF3273008B}.Release|Any CPU.Build.0 = Release|Any CPU
		{6520D6A4-44CA-4C1C-94F3-D4AF3273008B}.Release|x64.ActiveCfg = Release|Any CPU
		{6520D6A4-44CA-4C1C-94F3-D4AF3273008B}.Release|x64.Build.0 = Release|Any CPU
		{6520D6A4-44CA-4C1C-94F3-D4AF3273008B}.Release|x86.ActiveCfg = Release|Any CPU
		{6520D6A4-44CA-4C1C-94F3-D4AF3273008B}.Release|x86.Build.0 = Release|Any CPU
		{6E81C500-F8C7-470F-82D9-40BCBC46BDBB}.Debug|Any CPU.ActiveCfg = Debug|Any CPU
		{6E81C500-F8C7-470F-82D9-40BCBC46BDBB}.Debug|Any CPU.Build.0 = Debug|Any CPU
		{6E81C500-F8C7-470F-82D9-40BCBC46BDBB}.Debug|x64.ActiveCfg = Debug|Any CPU
		{6E81C500-F8C7-470F-82D9-40BCBC46BDBB}.Debug|x64.Build.0 = Debug|Any CPU
		{6E81C500-F8C7-470F-82D9-40BCBC46BDBB}.Debug|x86.ActiveCfg = Debug|Any CPU
		{6E81C500-F8C7-470F-82D9-40BCBC46BDBB}.Debug|x86.Build.0 = Debug|Any CPU
		{6E81C500-F8C7-470F-82D9-40BCBC46BDBB}.Release|Any CPU.ActiveCfg = Release|Any CPU
		{6E81C500-F8C7-470F-82D9-40BCBC46BDBB}.Release|Any CPU.Build.0 = Release|Any CPU
		{6E81C500-F8C7-470F-82D9-40BCBC46BDBB}.Release|x64.ActiveCfg = Release|Any CPU
		{6E81C500-F8C7-470F-82D9-40BCBC46BDBB}.Release|x64.Build.0 = Release|Any CPU
		{6E81C500-F8C7-470F-82D9-40BCBC46BDBB}.Release|x86.ActiveCfg = Release|Any CPU
		{6E81C500-F8C7-470F-82D9-40BCBC46BDBB}.Release|x86.Build.0 = Release|Any CPU
		{91C5D18A-BB9A-4284-8589-A403B37AF784}.Debug|Any CPU.ActiveCfg = Debug|Any CPU
		{91C5D18A-BB9A-4284-8589-A403B37AF784}.Debug|Any CPU.Build.0 = Debug|Any CPU
		{91C5D18A-BB9A-4284-8589-A403B37AF784}.Debug|x64.ActiveCfg = Debug|Any CPU
		{91C5D18A-BB9A-4284-8589-A403B37AF784}.Debug|x64.Build.0 = Debug|Any CPU
		{91C5D18A-BB9A-4284-8589-A403B37AF784}.Debug|x86.ActiveCfg = Debug|Any CPU
		{91C5D18A-BB9A-4284-8589-A403B37AF784}.Debug|x86.Build.0 = Debug|Any CPU
		{91C5D18A-BB9A-4284-8589-A403B37AF784}.Release|Any CPU.ActiveCfg = Release|Any CPU
		{91C5D18A-BB9A-4284-8589-A403B37AF784}.Release|Any CPU.Build.0 = Release|Any CPU
		{91C5D18A-BB9A-4284-8589-A403B37AF784}.Release|x64.ActiveCfg = Release|Any CPU
		{91C5D18A-BB9A-4284-8589-A403B37AF784}.Release|x64.Build.0 = Release|Any CPU
		{91C5D18A-BB9A-4284-8589-A403B37AF784}.Release|x86.ActiveCfg = Release|Any CPU
		{91C5D18A-BB9A-4284-8589-A403B37AF784}.Release|x86.Build.0 = Release|Any CPU
		{B6E8DAC3-3B38-4031-9A42-0B298706C961}.Debug|Any CPU.ActiveCfg = Debug|Any CPU
		{B6E8DAC3-3B38-4031-9A42-0B298706C961}.Debug|Any CPU.Build.0 = Debug|Any CPU
		{B6E8DAC3-3B38-4031-9A42-0B298706C961}.Debug|x64.ActiveCfg = Debug|Any CPU
		{B6E8DAC3-3B38-4031-9A42-0B298706C961}.Debug|x64.Build.0 = Debug|Any CPU
		{B6E8DAC3-3B38-4031-9A42-0B298706C961}.Debug|x86.ActiveCfg = Debug|Any CPU
		{B6E8DAC3-3B38-4031-9A42-0B298706C961}.Debug|x86.Build.0 = Debug|Any CPU
		{B6E8DAC3-3B38-4031-9A42-0B298706C961}.Release|Any CPU.ActiveCfg = Release|Any CPU
		{B6E8DAC3-3B38-4031-9A42-0B298706C961}.Release|Any CPU.Build.0 = Release|Any CPU
		{B6E8DAC3-3B38-4031-9A42-0B298706C961}.Release|x64.ActiveCfg = Release|Any CPU
		{B6E8DAC3-3B38-4031-9A42-0B298706C961}.Release|x64.Build.0 = Release|Any CPU
		{B6E8DAC3-3B38-4031-9A42-0B298706C961}.Release|x86.ActiveCfg = Release|Any CPU
		{B6E8DAC3-3B38-4031-9A42-0B298706C961}.Release|x86.Build.0 = Release|Any CPU
		{990F00C3-4660-484D-81FD-766765EA7195}.Debug|Any CPU.ActiveCfg = Debug|Any CPU
		{990F00C3-4660-484D-81FD-766765EA7195}.Debug|Any CPU.Build.0 = Debug|Any CPU
		{990F00C3-4660-484D-81FD-766765EA7195}.Debug|x64.ActiveCfg = Debug|Any CPU
		{990F00C3-4660-484D-81FD-766765EA7195}.Debug|x64.Build.0 = Debug|Any CPU
		{990F00C3-4660-484D-81FD-766765EA7195}.Debug|x86.ActiveCfg = Debug|Any CPU
		{990F00C3-4660-484D-81FD-766765EA7195}.Debug|x86.Build.0 = Debug|Any CPU
		{990F00C3-4660-484D-81FD-766765EA7195}.Release|Any CPU.ActiveCfg = Release|Any CPU
		{990F00C3-4660-484D-81FD-766765EA7195}.Release|Any CPU.Build.0 = Release|Any CPU
		{990F00C3-4660-484D-81FD-766765EA7195}.Release|x64.ActiveCfg = Release|Any CPU
		{990F00C3-4660-484D-81FD-766765EA7195}.Release|x64.Build.0 = Release|Any CPU
		{990F00C3-4660-484D-81FD-766765EA7195}.Release|x86.ActiveCfg = Release|Any CPU
		{990F00C3-4660-484D-81FD-766765EA7195}.Release|x86.Build.0 = Release|Any CPU
		{AD3E311B-6EFD-4B20-9BF2-E1E3DC829E93}.Debug|Any CPU.ActiveCfg = Debug|Any CPU
		{AD3E311B-6EFD-4B20-9BF2-E1E3DC829E93}.Debug|Any CPU.Build.0 = Debug|Any CPU
		{AD3E311B-6EFD-4B20-9BF2-E1E3DC829E93}.Debug|x64.ActiveCfg = Debug|Any CPU
		{AD3E311B-6EFD-4B20-9BF2-E1E3DC829E93}.Debug|x64.Build.0 = Debug|Any CPU
		{AD3E311B-6EFD-4B20-9BF2-E1E3DC829E93}.Debug|x86.ActiveCfg = Debug|Any CPU
		{AD3E311B-6EFD-4B20-9BF2-E1E3DC829E93}.Debug|x86.Build.0 = Debug|Any CPU
		{AD3E311B-6EFD-4B20-9BF2-E1E3DC829E93}.Release|Any CPU.ActiveCfg = Release|Any CPU
		{AD3E311B-6EFD-4B20-9BF2-E1E3DC829E93}.Release|Any CPU.Build.0 = Release|Any CPU
		{AD3E311B-6EFD-4B20-9BF2-E1E3DC829E93}.Release|x64.ActiveCfg = Release|Any CPU
		{AD3E311B-6EFD-4B20-9BF2-E1E3DC829E93}.Release|x64.Build.0 = Release|Any CPU
		{AD3E311B-6EFD-4B20-9BF2-E1E3DC829E93}.Release|x86.ActiveCfg = Release|Any CPU
		{AD3E311B-6EFD-4B20-9BF2-E1E3DC829E93}.Release|x86.Build.0 = Release|Any CPU
		{4769BD0D-B86F-4E6D-8539-5B19BC66D4E8}.Debug|Any CPU.ActiveCfg = Debug|Any CPU
		{4769BD0D-B86F-4E6D-8539-5B19BC66D4E8}.Debug|Any CPU.Build.0 = Debug|Any CPU
		{4769BD0D-B86F-4E6D-8539-5B19BC66D4E8}.Debug|x64.ActiveCfg = Debug|Any CPU
		{4769BD0D-B86F-4E6D-8539-5B19BC66D4E8}.Debug|x64.Build.0 = Debug|Any CPU
		{4769BD0D-B86F-4E6D-8539-5B19BC66D4E8}.Debug|x86.ActiveCfg = Debug|Any CPU
		{4769BD0D-B86F-4E6D-8539-5B19BC66D4E8}.Debug|x86.Build.0 = Debug|Any CPU
		{4769BD0D-B86F-4E6D-8539-5B19BC66D4E8}.Release|Any CPU.ActiveCfg = Release|Any CPU
		{4769BD0D-B86F-4E6D-8539-5B19BC66D4E8}.Release|Any CPU.Build.0 = Release|Any CPU
		{4769BD0D-B86F-4E6D-8539-5B19BC66D4E8}.Release|x64.ActiveCfg = Release|Any CPU
		{4769BD0D-B86F-4E6D-8539-5B19BC66D4E8}.Release|x64.Build.0 = Release|Any CPU
		{4769BD0D-B86F-4E6D-8539-5B19BC66D4E8}.Release|x86.ActiveCfg = Release|Any CPU
		{4769BD0D-B86F-4E6D-8539-5B19BC66D4E8}.Release|x86.Build.0 = Release|Any CPU
		{8F04B216-1AD8-48AE-85DF-DCA267CF8540}.Debug|Any CPU.ActiveCfg = Debug|Any CPU
		{8F04B216-1AD8-48AE-85DF-DCA267CF8540}.Debug|Any CPU.Build.0 = Debug|Any CPU
		{8F04B216-1AD8-48AE-85DF-DCA267CF8540}.Debug|x64.ActiveCfg = Debug|Any CPU
		{8F04B216-1AD8-48AE-85DF-DCA267CF8540}.Debug|x64.Build.0 = Debug|Any CPU
		{8F04B216-1AD8-48AE-85DF-DCA267CF8540}.Debug|x86.ActiveCfg = Debug|Any CPU
		{8F04B216-1AD8-48AE-85DF-DCA267CF8540}.Debug|x86.Build.0 = Debug|Any CPU
		{8F04B216-1AD8-48AE-85DF-DCA267CF8540}.Release|Any CPU.ActiveCfg = Release|Any CPU
		{8F04B216-1AD8-48AE-85DF-DCA267CF8540}.Release|Any CPU.Build.0 = Release|Any CPU
		{8F04B216-1AD8-48AE-85DF-DCA267CF8540}.Release|x64.ActiveCfg = Release|Any CPU
		{8F04B216-1AD8-48AE-85DF-DCA267CF8540}.Release|x64.Build.0 = Release|Any CPU
		{8F04B216-1AD8-48AE-85DF-DCA267CF8540}.Release|x86.ActiveCfg = Release|Any CPU
		{8F04B216-1AD8-48AE-85DF-DCA267CF8540}.Release|x86.Build.0 = Release|Any CPU
	EndGlobalSection
	GlobalSection(SolutionProperties) = preSolution
		HideSolutionNode = FALSE
	EndGlobalSection
	GlobalSection(NestedProjects) = preSolution
		{6520D6A4-44CA-4C1C-94F3-D4AF3273008B} = {827E0CD3-B72D-47B6-A68D-7590B98EB39B}
		{6E81C500-F8C7-470F-82D9-40BCBC46BDBB} = {827E0CD3-B72D-47B6-A68D-7590B98EB39B}
		{91C5D18A-BB9A-4284-8589-A403B37AF784} = {827E0CD3-B72D-47B6-A68D-7590B98EB39B}
		{B6E8DAC3-3B38-4031-9A42-0B298706C961} = {827E0CD3-B72D-47B6-A68D-7590B98EB39B}
		{990F00C3-4660-484D-81FD-766765EA7195} = {827E0CD3-B72D-47B6-A68D-7590B98EB39B}
		{AD3E311B-6EFD-4B20-9BF2-E1E3DC829E93} = {827E0CD3-B72D-47B6-A68D-7590B98EB39B}
		{4769BD0D-B86F-4E6D-8539-5B19BC66D4E8} = {827E0CD3-B72D-47B6-A68D-7590B98EB39B}
		{8F04B216-1AD8-48AE-85DF-DCA267CF8540} = {0AB3BF05-4346-4AA6-1389-037BE0695223}
	EndGlobalSection
EndGlobal
